// !$*UTF8*$!
{
	archiveVersion = 1;
	classes = {
	};
	objectVersion = 56;
	objects = {

/* Begin PBXBuildFile section */
		383A69D52C0599FC00D1514A /* NetworkService.swift in Sources */ = {isa = PBXBuildFile; fileRef = 383A69D42C0599FC00D1514A /* NetworkService.swift */; };
		383A69D82C059BFE00D1514A /* JSONSerializer.swift in Sources */ = {isa = PBXBuildFile; fileRef = 383A69D72C059BFE00D1514A /* JSONSerializer.swift */; };
		383A69DA2C059C3600D1514A /* Extensions+String.swift in Sources */ = {isa = PBXBuildFile; fileRef = 383A69D92C059C3600D1514A /* Extensions+String.swift */; };
		383F92B12BEF8A650031FCF5 /* CameraView.swift in Sources */ = {isa = PBXBuildFile; fileRef = 383F92B02BEF8A650031FCF5 /* CameraView.swift */; };
		383F92B42BEF8B0A0031FCF5 /* CustomAVCapturePhotoOutput.swift in Sources */ = {isa = PBXBuildFile; fileRef = 383F92B32BEF8B0A0031FCF5 /* CustomAVCapturePhotoOutput.swift */; };
		383F92B62BEF8B6A0031FCF5 /* RxAVCapturePhotoCaptureDelegateProxy.swift in Sources */ = {isa = PBXBuildFile; fileRef = 383F92B52BEF8B6A0031FCF5 /* RxAVCapturePhotoCaptureDelegateProxy.swift */; };
		383F92B82BEF8B8D0031FCF5 /* UIView+Style.swift in Sources */ = {isa = PBXBuildFile; fileRef = 383F92B72BEF8B8D0031FCF5 /* UIView+Style.swift */; };
		383F92BA2BEF8C650031FCF5 /* Appearance+Style.swift in Sources */ = {isa = PBXBuildFile; fileRef = 383F92B92BEF8C650031FCF5 /* Appearance+Style.swift */; };
		383F92BC2BEF92B20031FCF5 /* CameraViewController.swift in Sources */ = {isa = PBXBuildFile; fileRef = 383F92BB2BEF92B20031FCF5 /* CameraViewController.swift */; };
		383F92BE2BEF93F60031FCF5 /* CameraFooterView.swift in Sources */ = {isa = PBXBuildFile; fileRef = 383F92BD2BEF93F60031FCF5 /* CameraFooterView.swift */; };
		383F92C02BEF94290031FCF5 /* Extension+UIApplication.swift in Sources */ = {isa = PBXBuildFile; fileRef = 383F92BF2BEF94290031FCF5 /* Extension+UIApplication.swift */; };
		383F92C22BEF99880031FCF5 /* AVCaptureDevice+Rx.swift in Sources */ = {isa = PBXBuildFile; fileRef = 383F92C12BEF99880031FCF5 /* AVCaptureDevice+Rx.swift */; };
		383F92C42BEF99D70031FCF5 /* AVCapturePhotoOutput+Rx.swift in Sources */ = {isa = PBXBuildFile; fileRef = 383F92C32BEF99D70031FCF5 /* AVCapturePhotoOutput+Rx.swift */; };
		383F92C82BEF9CD10031FCF5 /* CapturedPhotoData.swift in Sources */ = {isa = PBXBuildFile; fileRef = 383F92C72BEF9CD10031FCF5 /* CapturedPhotoData.swift */; };
		383F92CA2BEF9EA20031FCF5 /* Constants.swift in Sources */ = {isa = PBXBuildFile; fileRef = 383F92C92BEF9EA10031FCF5 /* Constants.swift */; };
		383F92CC2BEF9EF60031FCF5 /* Extensions+UIImage.swift in Sources */ = {isa = PBXBuildFile; fileRef = 383F92CB2BEF9EF60031FCF5 /* Extensions+UIImage.swift */; };
		385150B72BEBA6B000696F3A /* MainViewModel.swift in Sources */ = {isa = PBXBuildFile; fileRef = 385150B62BEBA6B000696F3A /* MainViewModel.swift */; };
		385150B92BEBA73200696F3A /* CameraViewModel.swift in Sources */ = {isa = PBXBuildFile; fileRef = 385150B82BEBA73200696F3A /* CameraViewModel.swift */; };
		385150BD2BEBA75800696F3A /* CameraViewController2.swift in Sources */ = {isa = PBXBuildFile; fileRef = 385150BC2BEBA75800696F3A /* CameraViewController2.swift */; };
		385150BF2BEBA76000696F3A /* MainViewController.swift in Sources */ = {isa = PBXBuildFile; fileRef = 385150BE2BEBA76000696F3A /* MainViewController.swift */; };
		385150C22BEBA7B000696F3A /* UIButton+Style.swift in Sources */ = {isa = PBXBuildFile; fileRef = 385150C12BEBA7B000696F3A /* UIButton+Style.swift */; };
		38915BC92BE37AC900CD1BF5 /* AppDelegate.swift in Sources */ = {isa = PBXBuildFile; fileRef = 38915BC82BE37AC900CD1BF5 /* AppDelegate.swift */; };
		38915BCB2BE37AC900CD1BF5 /* SceneDelegate.swift in Sources */ = {isa = PBXBuildFile; fileRef = 38915BCA2BE37AC900CD1BF5 /* SceneDelegate.swift */; };
		38915BCD2BE37AC900CD1BF5 /* ViewController.swift in Sources */ = {isa = PBXBuildFile; fileRef = 38915BCC2BE37AC900CD1BF5 /* ViewController.swift */; };
		38915BD22BE37ADC00CD1BF5 /* Assets.xcassets in Resources */ = {isa = PBXBuildFile; fileRef = 38915BD12BE37ADC00CD1BF5 /* Assets.xcassets */; };
		38915BD52BE37ADC00CD1BF5 /* Base in Resources */ = {isa = PBXBuildFile; fileRef = 38915BD42BE37ADC00CD1BF5 /* Base */; };
		389C7C9E2BF2F2250030790F /* ResultViewController.swift in Sources */ = {isa = PBXBuildFile; fileRef = 389C7C9D2BF2F2250030790F /* ResultViewController.swift */; };
		389C7CA02BF2F2420030790F /* ResultViewModel.swift in Sources */ = {isa = PBXBuildFile; fileRef = 389C7C9F2BF2F2420030790F /* ResultViewModel.swift */; };
		389C7CA42BF2F84B0030790F /* MainHeaderView.swift in Sources */ = {isa = PBXBuildFile; fileRef = 389C7CA32BF2F84B0030790F /* MainHeaderView.swift */; };
		389D28E62BF587BB00F9D654 /* NavigationView.swift in Sources */ = {isa = PBXBuildFile; fileRef = 389D28E52BF587BB00F9D654 /* NavigationView.swift */; };
		389D28E82BF5882900F9D654 /* UILabel+Style.swift in Sources */ = {isa = PBXBuildFile; fileRef = 389D28E72BF5882900F9D654 /* UILabel+Style.swift */; };
		38A802D12BEBAE480068ABA0 /* PreviewView.swift in Sources */ = {isa = PBXBuildFile; fileRef = 38A802D02BEBAE480068ABA0 /* PreviewView.swift */; };
		38A802D42BEBB3F90068ABA0 /* CustomHandlers.swift in Sources */ = {isa = PBXBuildFile; fileRef = 38A802D32BEBB3F90068ABA0 /* CustomHandlers.swift */; };
		38A802D62BEBB56B0068ABA0 /* Extensions+UIViewController.swift in Sources */ = {isa = PBXBuildFile; fileRef = 38A802D52BEBB56B0068ABA0 /* Extensions+UIViewController.swift */; };
		38A802D82BEBB5B20068ABA0 /* Extensions+AppString.swift in Sources */ = {isa = PBXBuildFile; fileRef = 38A802D72BEBB5B20068ABA0 /* Extensions+AppString.swift */; };
		38C31D1D2BF0FB2400742E04 /* mainLoading.json in Resources */ = {isa = PBXBuildFile; fileRef = 38C31D1C2BF0FB2400742E04 /* mainLoading.json */; };
		38C31D1F2BF0FB7200742E04 /* AnimationView+Style.swift in Sources */ = {isa = PBXBuildFile; fileRef = 38C31D1E2BF0FB7200742E04 /* AnimationView+Style.swift */; };
		38C734A12BF918B400F49197 /* centerLoading.json in Resources */ = {isa = PBXBuildFile; fileRef = 38C734A02BF918B400F49197 /* centerLoading.json */; };
		38E8858E2BE385E400D1074B /* SceneCoordinatorType.swift in Sources */ = {isa = PBXBuildFile; fileRef = 38E8858D2BE385E400D1074B /* SceneCoordinatorType.swift */; };
		38E885902BE3860400D1074B /* TargetScene.swift in Sources */ = {isa = PBXBuildFile; fileRef = 38E8858F2BE3860400D1074B /* TargetScene.swift */; };
		38E885922BE3861500D1074B /* SceneTransitionType.swift in Sources */ = {isa = PBXBuildFile; fileRef = 38E885912BE3861500D1074B /* SceneTransitionType.swift */; };
		38E885942BE386B200D1074B /* SceneCoordinator.swift in Sources */ = {isa = PBXBuildFile; fileRef = 38E885932BE386B100D1074B /* SceneCoordinator.swift */; };
		38E885972BE3878000D1074B /* Extensions+ObservableType.swift in Sources */ = {isa = PBXBuildFile; fileRef = 38E885962BE3878000D1074B /* Extensions+ObservableType.swift */; };
		38E8859C2BE38DBF00D1074B /* SplashViewModel.swift in Sources */ = {isa = PBXBuildFile; fileRef = 38E8859B2BE38DBF00D1074B /* SplashViewModel.swift */; };
		38E885A02BE38E4900D1074B /* BaseViewController.swift in Sources */ = {isa = PBXBuildFile; fileRef = 38E8859F2BE38E4900D1074B /* BaseViewController.swift */; };
		38E885A32BE38E9000D1074B /* BaseViewModel.swift in Sources */ = {isa = PBXBuildFile; fileRef = 38E885A22BE38E9000D1074B /* BaseViewModel.swift */; };
		38E885A62BE38F5A00D1074B /* SplashViewController.swift in Sources */ = {isa = PBXBuildFile; fileRef = 38E885A52BE38F5A00D1074B /* SplashViewController.swift */; };
		38E885A92BE38F7400D1074B /* ViewModelBindableType.swift in Sources */ = {isa = PBXBuildFile; fileRef = 38E885A82BE38F7400D1074B /* ViewModelBindableType.swift */; };
		38E885AC2BE3900000D1074B /* Extensions+UIColor.swift in Sources */ = {isa = PBXBuildFile; fileRef = 38E885AB2BE3900000D1074B /* Extensions+UIColor.swift */; };
		38E885AE2BE3902600D1074B /* Extensions+UIFont.swift in Sources */ = {isa = PBXBuildFile; fileRef = 38E885AD2BE3902600D1074B /* Extensions+UIFont.swift */; };
		38E885B02BE3904600D1074B /* Extensions+CGFloat.swift in Sources */ = {isa = PBXBuildFile; fileRef = 38E885AF2BE3904600D1074B /* Extensions+CGFloat.swift */; };
		38E885B22BE3909C00D1074B /* Extensions+UIScrollView.swift in Sources */ = {isa = PBXBuildFile; fileRef = 38E885B12BE3909C00D1074B /* Extensions+UIScrollView.swift */; };
		38E885B52BE390F600D1074B /* UITypes.swift in Sources */ = {isa = PBXBuildFile; fileRef = 38E885B42BE390F600D1074B /* UITypes.swift */; };
		38E885B72BE3912200D1074B /* Extensions+Dictionary.swift in Sources */ = {isa = PBXBuildFile; fileRef = 38E885B62BE3912200D1074B /* Extensions+Dictionary.swift */; };
		38E885B92BE3913C00D1074B /* AVCaptureMetadataOutput+Rx.swift in Sources */ = {isa = PBXBuildFile; fileRef = 38E885B82BE3913C00D1074B /* AVCaptureMetadataOutput+Rx.swift */; };
		38E885BB2BE3915B00D1074B /* UIButton + Rx.swift in Sources */ = {isa = PBXBuildFile; fileRef = 38E885BA2BE3915B00D1074B /* UIButton + Rx.swift */; };
		38E885BE2BE3918300D1074B /* RxAVCaptureMetadataOutputObjectsDelegateProxy.swift in Sources */ = {isa = PBXBuildFile; fileRef = 38E885BD2BE3918300D1074B /* RxAVCaptureMetadataOutputObjectsDelegateProxy.swift */; };
		91913F2959D8D7C105D4D72F /* Pods_FaceFinder.framework in Frameworks */ = {isa = PBXBuildFile; fileRef = 4F7AAA8D94E92938BEB2E1E5 /* Pods_FaceFinder.framework */; };
/* End PBXBuildFile section */

/* Begin PBXFileReference section */
		383A69D42C0599FC00D1514A /* NetworkService.swift */ = {isa = PBXFileReference; lastKnownFileType = sourcecode.swift; path = NetworkService.swift; sourceTree = "<group>"; };
		383A69D72C059BFE00D1514A /* JSONSerializer.swift */ = {isa = PBXFileReference; lastKnownFileType = sourcecode.swift; path = JSONSerializer.swift; sourceTree = "<group>"; };
		383A69D92C059C3600D1514A /* Extensions+String.swift */ = {isa = PBXFileReference; lastKnownFileType = sourcecode.swift; path = "Extensions+String.swift"; sourceTree = "<group>"; };
		383F92B02BEF8A650031FCF5 /* CameraView.swift */ = {isa = PBXFileReference; lastKnownFileType = sourcecode.swift; path = CameraView.swift; sourceTree = "<group>"; };
		383F92B32BEF8B0A0031FCF5 /* CustomAVCapturePhotoOutput.swift */ = {isa = PBXFileReference; lastKnownFileType = sourcecode.swift; path = CustomAVCapturePhotoOutput.swift; sourceTree = "<group>"; };
		383F92B52BEF8B6A0031FCF5 /* RxAVCapturePhotoCaptureDelegateProxy.swift */ = {isa = PBXFileReference; lastKnownFileType = sourcecode.swift; path = RxAVCapturePhotoCaptureDelegateProxy.swift; sourceTree = "<group>"; };
		383F92B72BEF8B8D0031FCF5 /* UIView+Style.swift */ = {isa = PBXFileReference; lastKnownFileType = sourcecode.swift; path = "UIView+Style.swift"; sourceTree = "<group>"; };
		383F92B92BEF8C650031FCF5 /* Appearance+Style.swift */ = {isa = PBXFileReference; lastKnownFileType = sourcecode.swift; path = "Appearance+Style.swift"; sourceTree = "<group>"; };
		383F92BB2BEF92B20031FCF5 /* CameraViewController.swift */ = {isa = PBXFileReference; lastKnownFileType = sourcecode.swift; path = CameraViewController.swift; sourceTree = "<group>"; };
		383F92BD2BEF93F60031FCF5 /* CameraFooterView.swift */ = {isa = PBXFileReference; lastKnownFileType = sourcecode.swift; path = CameraFooterView.swift; sourceTree = "<group>"; };
		383F92BF2BEF94290031FCF5 /* Extension+UIApplication.swift */ = {isa = PBXFileReference; lastKnownFileType = sourcecode.swift; path = "Extension+UIApplication.swift"; sourceTree = "<group>"; };
		383F92C12BEF99880031FCF5 /* AVCaptureDevice+Rx.swift */ = {isa = PBXFileReference; lastKnownFileType = sourcecode.swift; path = "AVCaptureDevice+Rx.swift"; sourceTree = "<group>"; };
		383F92C32BEF99D70031FCF5 /* AVCapturePhotoOutput+Rx.swift */ = {isa = PBXFileReference; lastKnownFileType = sourcecode.swift; path = "AVCapturePhotoOutput+Rx.swift"; sourceTree = "<group>"; };
		383F92C72BEF9CD10031FCF5 /* CapturedPhotoData.swift */ = {isa = PBXFileReference; lastKnownFileType = sourcecode.swift; path = CapturedPhotoData.swift; sourceTree = "<group>"; };
		383F92C92BEF9EA10031FCF5 /* Constants.swift */ = {isa = PBXFileReference; lastKnownFileType = sourcecode.swift; path = Constants.swift; sourceTree = "<group>"; };
		383F92CB2BEF9EF60031FCF5 /* Extensions+UIImage.swift */ = {isa = PBXFileReference; lastKnownFileType = sourcecode.swift; path = "Extensions+UIImage.swift"; sourceTree = "<group>"; };
		385150B62BEBA6B000696F3A /* MainViewModel.swift */ = {isa = PBXFileReference; lastKnownFileType = sourcecode.swift; path = MainViewModel.swift; sourceTree = "<group>"; };
		385150B82BEBA73200696F3A /* CameraViewModel.swift */ = {isa = PBXFileReference; lastKnownFileType = sourcecode.swift; path = CameraViewModel.swift; sourceTree = "<group>"; };
		385150BC2BEBA75800696F3A /* CameraViewController2.swift */ = {isa = PBXFileReference; lastKnownFileType = sourcecode.swift; path = CameraViewController2.swift; sourceTree = "<group>"; };
		385150BE2BEBA76000696F3A /* MainViewController.swift */ = {isa = PBXFileReference; lastKnownFileType = sourcecode.swift; path = MainViewController.swift; sourceTree = "<group>"; };
		385150C12BEBA7B000696F3A /* UIButton+Style.swift */ = {isa = PBXFileReference; lastKnownFileType = sourcecode.swift; path = "UIButton+Style.swift"; sourceTree = "<group>"; };
		38915BC52BE37AC900CD1BF5 /* FaceFinder.app */ = {isa = PBXFileReference; explicitFileType = wrapper.application; includeInIndex = 0; path = FaceFinder.app; sourceTree = BUILT_PRODUCTS_DIR; };
		38915BC82BE37AC900CD1BF5 /* AppDelegate.swift */ = {isa = PBXFileReference; lastKnownFileType = sourcecode.swift; path = AppDelegate.swift; sourceTree = "<group>"; };
		38915BCA2BE37AC900CD1BF5 /* SceneDelegate.swift */ = {isa = PBXFileReference; lastKnownFileType = sourcecode.swift; path = SceneDelegate.swift; sourceTree = "<group>"; };
		38915BCC2BE37AC900CD1BF5 /* ViewController.swift */ = {isa = PBXFileReference; lastKnownFileType = sourcecode.swift; path = ViewController.swift; sourceTree = "<group>"; };
		38915BD12BE37ADC00CD1BF5 /* Assets.xcassets */ = {isa = PBXFileReference; lastKnownFileType = folder.assetcatalog; path = Assets.xcassets; sourceTree = "<group>"; };
		38915BD42BE37ADC00CD1BF5 /* Base */ = {isa = PBXFileReference; lastKnownFileType = file.storyboard; name = Base; path = Base.lproj/LaunchScreen.storyboard; sourceTree = "<group>"; };
		38915BD62BE37ADC00CD1BF5 /* Info.plist */ = {isa = PBXFileReference; lastKnownFileType = text.plist.xml; path = Info.plist; sourceTree = "<group>"; };
		389C7C9D2BF2F2250030790F /* ResultViewController.swift */ = {isa = PBXFileReference; lastKnownFileType = sourcecode.swift; path = ResultViewController.swift; sourceTree = "<group>"; };
		389C7C9F2BF2F2420030790F /* ResultViewModel.swift */ = {isa = PBXFileReference; lastKnownFileType = sourcecode.swift; path = ResultViewModel.swift; sourceTree = "<group>"; };
		389C7CA32BF2F84B0030790F /* MainHeaderView.swift */ = {isa = PBXFileReference; lastKnownFileType = sourcecode.swift; path = MainHeaderView.swift; sourceTree = "<group>"; };
		389D28E52BF587BB00F9D654 /* NavigationView.swift */ = {isa = PBXFileReference; lastKnownFileType = sourcecode.swift; path = NavigationView.swift; sourceTree = "<group>"; };
		389D28E72BF5882900F9D654 /* UILabel+Style.swift */ = {isa = PBXFileReference; lastKnownFileType = sourcecode.swift; path = "UILabel+Style.swift"; sourceTree = "<group>"; };
		38A802D02BEBAE480068ABA0 /* PreviewView.swift */ = {isa = PBXFileReference; lastKnownFileType = sourcecode.swift; path = PreviewView.swift; sourceTree = "<group>"; };
		38A802D32BEBB3F90068ABA0 /* CustomHandlers.swift */ = {isa = PBXFileReference; lastKnownFileType = sourcecode.swift; path = CustomHandlers.swift; sourceTree = "<group>"; };
		38A802D52BEBB56B0068ABA0 /* Extensions+UIViewController.swift */ = {isa = PBXFileReference; lastKnownFileType = sourcecode.swift; path = "Extensions+UIViewController.swift"; sourceTree = "<group>"; };
		38A802D72BEBB5B20068ABA0 /* Extensions+AppString.swift */ = {isa = PBXFileReference; lastKnownFileType = sourcecode.swift; path = "Extensions+AppString.swift"; sourceTree = "<group>"; };
		38C31D1C2BF0FB2400742E04 /* mainLoading.json */ = {isa = PBXFileReference; lastKnownFileType = text.json; path = mainLoading.json; sourceTree = "<group>"; };
		38C31D1E2BF0FB7200742E04 /* AnimationView+Style.swift */ = {isa = PBXFileReference; lastKnownFileType = sourcecode.swift; path = "AnimationView+Style.swift"; sourceTree = "<group>"; };
		38C734A02BF918B400F49197 /* centerLoading.json */ = {isa = PBXFileReference; lastKnownFileType = text.json; path = centerLoading.json; sourceTree = "<group>"; };
		38E8858D2BE385E400D1074B /* SceneCoordinatorType.swift */ = {isa = PBXFileReference; lastKnownFileType = sourcecode.swift; path = SceneCoordinatorType.swift; sourceTree = "<group>"; };
		38E8858F2BE3860400D1074B /* TargetScene.swift */ = {isa = PBXFileReference; lastKnownFileType = sourcecode.swift; path = TargetScene.swift; sourceTree = "<group>"; };
		38E885912BE3861500D1074B /* SceneTransitionType.swift */ = {isa = PBXFileReference; lastKnownFileType = sourcecode.swift; path = SceneTransitionType.swift; sourceTree = "<group>"; };
		38E885932BE386B100D1074B /* SceneCoordinator.swift */ = {isa = PBXFileReference; lastKnownFileType = sourcecode.swift; path = SceneCoordinator.swift; sourceTree = "<group>"; };
		38E885962BE3878000D1074B /* Extensions+ObservableType.swift */ = {isa = PBXFileReference; lastKnownFileType = sourcecode.swift; path = "Extensions+ObservableType.swift"; sourceTree = "<group>"; };
		38E8859B2BE38DBF00D1074B /* SplashViewModel.swift */ = {isa = PBXFileReference; lastKnownFileType = sourcecode.swift; path = SplashViewModel.swift; sourceTree = "<group>"; };
		38E8859F2BE38E4900D1074B /* BaseViewController.swift */ = {isa = PBXFileReference; lastKnownFileType = sourcecode.swift; path = BaseViewController.swift; sourceTree = "<group>"; };
		38E885A22BE38E9000D1074B /* BaseViewModel.swift */ = {isa = PBXFileReference; lastKnownFileType = sourcecode.swift; path = BaseViewModel.swift; sourceTree = "<group>"; };
		38E885A52BE38F5A00D1074B /* SplashViewController.swift */ = {isa = PBXFileReference; lastKnownFileType = sourcecode.swift; path = SplashViewController.swift; sourceTree = "<group>"; };
		38E885A82BE38F7400D1074B /* ViewModelBindableType.swift */ = {isa = PBXFileReference; lastKnownFileType = sourcecode.swift; path = ViewModelBindableType.swift; sourceTree = "<group>"; };
		38E885AB2BE3900000D1074B /* Extensions+UIColor.swift */ = {isa = PBXFileReference; lastKnownFileType = sourcecode.swift; path = "Extensions+UIColor.swift"; sourceTree = "<group>"; };
		38E885AD2BE3902600D1074B /* Extensions+UIFont.swift */ = {isa = PBXFileReference; lastKnownFileType = sourcecode.swift; path = "Extensions+UIFont.swift"; sourceTree = "<group>"; };
		38E885AF2BE3904600D1074B /* Extensions+CGFloat.swift */ = {isa = PBXFileReference; lastKnownFileType = sourcecode.swift; path = "Extensions+CGFloat.swift"; sourceTree = "<group>"; };
		38E885B12BE3909C00D1074B /* Extensions+UIScrollView.swift */ = {isa = PBXFileReference; lastKnownFileType = sourcecode.swift; path = "Extensions+UIScrollView.swift"; sourceTree = "<group>"; };
		38E885B42BE390F600D1074B /* UITypes.swift */ = {isa = PBXFileReference; lastKnownFileType = sourcecode.swift; path = UITypes.swift; sourceTree = "<group>"; };
		38E885B62BE3912200D1074B /* Extensions+Dictionary.swift */ = {isa = PBXFileReference; lastKnownFileType = sourcecode.swift; path = "Extensions+Dictionary.swift"; sourceTree = "<group>"; };
		38E885B82BE3913C00D1074B /* AVCaptureMetadataOutput+Rx.swift */ = {isa = PBXFileReference; lastKnownFileType = sourcecode.swift; path = "AVCaptureMetadataOutput+Rx.swift"; sourceTree = "<group>"; };
		38E885BA2BE3915B00D1074B /* UIButton + Rx.swift */ = {isa = PBXFileReference; lastKnownFileType = sourcecode.swift; path = "UIButton + Rx.swift"; sourceTree = "<group>"; };
		38E885BD2BE3918300D1074B /* RxAVCaptureMetadataOutputObjectsDelegateProxy.swift */ = {isa = PBXFileReference; lastKnownFileType = sourcecode.swift; path = RxAVCaptureMetadataOutputObjectsDelegateProxy.swift; sourceTree = "<group>"; };
		49F8E7D7839A12CB9EEDB28E /* Pods-FaceFinder.debug.xcconfig */ = {isa = PBXFileReference; includeInIndex = 1; lastKnownFileType = text.xcconfig; name = "Pods-FaceFinder.debug.xcconfig"; path = "Target Support Files/Pods-FaceFinder/Pods-FaceFinder.debug.xcconfig"; sourceTree = "<group>"; };
		4F7AAA8D94E92938BEB2E1E5 /* Pods_FaceFinder.framework */ = {isa = PBXFileReference; explicitFileType = wrapper.framework; includeInIndex = 0; path = Pods_FaceFinder.framework; sourceTree = BUILT_PRODUCTS_DIR; };
		8924DA278F84D59A2A6E5D72 /* Pods-FaceFinder.release.xcconfig */ = {isa = PBXFileReference; includeInIndex = 1; lastKnownFileType = text.xcconfig; name = "Pods-FaceFinder.release.xcconfig"; path = "Target Support Files/Pods-FaceFinder/Pods-FaceFinder.release.xcconfig"; sourceTree = "<group>"; };
/* End PBXFileReference section */

/* Begin PBXFrameworksBuildPhase section */
		38915BC22BE37AC900CD1BF5 /* Frameworks */ = {
			isa = PBXFrameworksBuildPhase;
			buildActionMask = 2147483647;
			files = (
				91913F2959D8D7C105D4D72F /* Pods_FaceFinder.framework in Frameworks */,
			);
			runOnlyForDeploymentPostprocessing = 0;
		};
/* End PBXFrameworksBuildPhase section */

/* Begin PBXGroup section */
		383A69D32C0599F400D1514A /* Networking */ = {
			isa = PBXGroup;
			children = (
				383A69D62C059A0C00D1514A /* Service */,
			);
			path = Networking;
			sourceTree = "<group>";
		};
		383A69D62C059A0C00D1514A /* Service */ = {
			isa = PBXGroup;
			children = (
				383A69D42C0599FC00D1514A /* NetworkService.swift */,
			);
			path = Service;
			sourceTree = "<group>";
		};
		383F92B22BEF8AF40031FCF5 /* RxAvfoundation */ = {
			isa = PBXGroup;
			children = (
				38E885B82BE3913C00D1074B /* AVCaptureMetadataOutput+Rx.swift */,
				383F92C12BEF99880031FCF5 /* AVCaptureDevice+Rx.swift */,
				383F92C32BEF99D70031FCF5 /* AVCapturePhotoOutput+Rx.swift */,
			);
			path = RxAvfoundation;
			sourceTree = "<group>";
		};
		383F92C52BEF9CC80031FCF5 /* Model */ = {
			isa = PBXGroup;
			children = (
				383F92C62BEF9CCD0031FCF5 /* Camera */,
			);
			path = Model;
			sourceTree = "<group>";
		};
		383F92C62BEF9CCD0031FCF5 /* Camera */ = {
			isa = PBXGroup;
			children = (
				383F92C72BEF9CD10031FCF5 /* CapturedPhotoData.swift */,
			);
			path = Camera;
			sourceTree = "<group>";
		};
		385150B22BEBA68B00696F3A /* Camera */ = {
			isa = PBXGroup;
			children = (
				385150BB2BEBA75100696F3A /* ViewController */,
				385150B52BEBA6A800696F3A /* ViewModel */,
			);
			path = Camera;
			sourceTree = "<group>";
		};
		385150B32BEBA69300696F3A /* Main */ = {
			isa = PBXGroup;
			children = (
				385150BA2BEBA74A00696F3A /* ViewController */,
				385150B42BEBA69700696F3A /* ViewModel */,
			);
			path = Main;
			sourceTree = "<group>";
		};
		385150B42BEBA69700696F3A /* ViewModel */ = {
			isa = PBXGroup;
			children = (
				385150B62BEBA6B000696F3A /* MainViewModel.swift */,
			);
			path = ViewModel;
			sourceTree = "<group>";
		};
		385150B52BEBA6A800696F3A /* ViewModel */ = {
			isa = PBXGroup;
			children = (
				385150B82BEBA73200696F3A /* CameraViewModel.swift */,
			);
			path = ViewModel;
			sourceTree = "<group>";
		};
		385150BA2BEBA74A00696F3A /* ViewController */ = {
			isa = PBXGroup;
			children = (
				385150BE2BEBA76000696F3A /* MainViewController.swift */,
			);
			path = ViewController;
			sourceTree = "<group>";
		};
		385150BB2BEBA75100696F3A /* ViewController */ = {
			isa = PBXGroup;
			children = (
				385150BC2BEBA75800696F3A /* CameraViewController2.swift */,
				383F92BB2BEF92B20031FCF5 /* CameraViewController.swift */,
			);
			path = ViewController;
			sourceTree = "<group>";
		};
		385150C02BEBA7A500696F3A /* Style */ = {
			isa = PBXGroup;
			children = (
				385150C12BEBA7B000696F3A /* UIButton+Style.swift */,
				383F92B72BEF8B8D0031FCF5 /* UIView+Style.swift */,
				383F92B92BEF8C650031FCF5 /* Appearance+Style.swift */,
				38C31D1E2BF0FB7200742E04 /* AnimationView+Style.swift */,
				389D28E72BF5882900F9D654 /* UILabel+Style.swift */,
			);
			path = Style;
			sourceTree = "<group>";
		};
		38915BBC2BE37AC900CD1BF5 = {
			isa = PBXGroup;
			children = (
				38915BC72BE37AC900CD1BF5 /* FaceFinder */,
				38915BC62BE37AC900CD1BF5 /* Products */,
				B371E60AA117ECE60A15D7CD /* Pods */,
				E76032B21AB4D78A031AC1D3 /* Frameworks */,
			);
			sourceTree = "<group>";
		};
		38915BC62BE37AC900CD1BF5 /* Products */ = {
			isa = PBXGroup;
			children = (
				38915BC52BE37AC900CD1BF5 /* FaceFinder.app */,
			);
			name = Products;
			sourceTree = "<group>";
		};
		38915BC72BE37AC900CD1BF5 /* FaceFinder */ = {
			isa = PBXGroup;
			children = (
				383A69D32C0599F400D1514A /* Networking */,
				38C31D1B2BF0FB1500742E04 /* Assets */,
				383F92C52BEF9CC80031FCF5 /* Model */,
				38E885A72BE38F6E00D1074B /* Helpers */,
				38A802CE2BEBAE3D0068ABA0 /* Views */,
				385150C02BEBA7A500696F3A /* Style */,
				38E885AA2BE38FF600D1074B /* Extensions */,
				38E885982BE38D9900D1074B /* Scenes */,
				38E885952BE3876F00D1074B /* Extensions+Rx */,
				38E8858B2BE385B300D1074B /* Coordinator */,
				38915BC82BE37AC900CD1BF5 /* AppDelegate.swift */,
				38915BCA2BE37AC900CD1BF5 /* SceneDelegate.swift */,
				38915BCC2BE37AC900CD1BF5 /* ViewController.swift */,
				38915BD12BE37ADC00CD1BF5 /* Assets.xcassets */,
				38915BD32BE37ADC00CD1BF5 /* LaunchScreen.storyboard */,
				38915BD62BE37ADC00CD1BF5 /* Info.plist */,
			);
			path = FaceFinder;
			sourceTree = "<group>";
		};
		389C7C9A2BF2F20E0030790F /* Result */ = {
			isa = PBXGroup;
			children = (
				389C7C9C2BF2F2190030790F /* ViewModel */,
				389C7C9B2BF2F2130030790F /* ViewController */,
			);
			path = Result;
			sourceTree = "<group>";
		};
		389C7C9B2BF2F2130030790F /* ViewController */ = {
			isa = PBXGroup;
			children = (
				389C7C9D2BF2F2250030790F /* ResultViewController.swift */,
			);
			path = ViewController;
			sourceTree = "<group>";
		};
		389C7C9C2BF2F2190030790F /* ViewModel */ = {
			isa = PBXGroup;
			children = (
				389C7C9F2BF2F2420030790F /* ResultViewModel.swift */,
			);
			path = ViewModel;
			sourceTree = "<group>";
		};
		38A802CE2BEBAE3D0068ABA0 /* Views */ = {
			isa = PBXGroup;
			children = (
				38A802CF2BEBAE420068ABA0 /* Common */,
			);
			path = Views;
			sourceTree = "<group>";
		};
		38A802CF2BEBAE420068ABA0 /* Common */ = {
			isa = PBXGroup;
			children = (
				38A802D02BEBAE480068ABA0 /* PreviewView.swift */,
				383F92B02BEF8A650031FCF5 /* CameraView.swift */,
				383F92BD2BEF93F60031FCF5 /* CameraFooterView.swift */,
				389C7CA32BF2F84B0030790F /* MainHeaderView.swift */,
				389D28E52BF587BB00F9D654 /* NavigationView.swift */,
			);
			path = Common;
			sourceTree = "<group>";
		};
		38A802D22BEBB3F40068ABA0 /* Protocols */ = {
			isa = PBXGroup;
			children = (
				38A802D32BEBB3F90068ABA0 /* CustomHandlers.swift */,
			);
			path = Protocols;
			sourceTree = "<group>";
		};
		38C31D1B2BF0FB1500742E04 /* Assets */ = {
			isa = PBXGroup;
			children = (
				38C31D1C2BF0FB2400742E04 /* mainLoading.json */,
				38C734A02BF918B400F49197 /* centerLoading.json */,
			);
			path = Assets;
			sourceTree = "<group>";
		};
		38E8858B2BE385B300D1074B /* Coordinator */ = {
			isa = PBXGroup;
			children = (
				38E8858C2BE385BE00D1074B /* Scene */,
				38E8858D2BE385E400D1074B /* SceneCoordinatorType.swift */,
				38E885932BE386B100D1074B /* SceneCoordinator.swift */,
			);
			path = Coordinator;
			sourceTree = "<group>";
		};
		38E8858C2BE385BE00D1074B /* Scene */ = {
			isa = PBXGroup;
			children = (
				38E8858F2BE3860400D1074B /* TargetScene.swift */,
				38E885912BE3861500D1074B /* SceneTransitionType.swift */,
			);
			path = Scene;
			sourceTree = "<group>";
		};
		38E885952BE3876F00D1074B /* Extensions+Rx */ = {
			isa = PBXGroup;
			children = (
				383F92B22BEF8AF40031FCF5 /* RxAvfoundation */,
				38E885962BE3878000D1074B /* Extensions+ObservableType.swift */,
				38E885BA2BE3915B00D1074B /* UIButton + Rx.swift */,
			);
			path = "Extensions+Rx";
			sourceTree = "<group>";
		};
		38E885982BE38D9900D1074B /* Scenes */ = {
			isa = PBXGroup;
			children = (
				389C7C9A2BF2F20E0030790F /* Result */,
				385150B32BEBA69300696F3A /* Main */,
				385150B22BEBA68B00696F3A /* Camera */,
				38E8859D2BE38E3600D1074B /* Common */,
				38E885992BE38DA300D1074B /* Splash */,
			);
			path = Scenes;
			sourceTree = "<group>";
		};
		38E885992BE38DA300D1074B /* Splash */ = {
			isa = PBXGroup;
			children = (
				38E885A42BE38F4100D1074B /* ViewController */,
				38E8859A2BE38DAD00D1074B /* ViewModel */,
			);
			path = Splash;
			sourceTree = "<group>";
		};
		38E8859A2BE38DAD00D1074B /* ViewModel */ = {
			isa = PBXGroup;
			children = (
				38E8859B2BE38DBF00D1074B /* SplashViewModel.swift */,
			);
			path = ViewModel;
			sourceTree = "<group>";
		};
		38E8859D2BE38E3600D1074B /* Common */ = {
			isa = PBXGroup;
			children = (
				38E885A12BE38E8500D1074B /* ViewModel */,
				38E8859E2BE38E3F00D1074B /* ViewController */,
			);
			path = Common;
			sourceTree = "<group>";
		};
		38E8859E2BE38E3F00D1074B /* ViewController */ = {
			isa = PBXGroup;
			children = (
				38E8859F2BE38E4900D1074B /* BaseViewController.swift */,
			);
			path = ViewController;
			sourceTree = "<group>";
		};
		38E885A12BE38E8500D1074B /* ViewModel */ = {
			isa = PBXGroup;
			children = (
				38E885A22BE38E9000D1074B /* BaseViewModel.swift */,
			);
			path = ViewModel;
			sourceTree = "<group>";
		};
		38E885A42BE38F4100D1074B /* ViewController */ = {
			isa = PBXGroup;
			children = (
				38E885A52BE38F5A00D1074B /* SplashViewController.swift */,
			);
			path = ViewController;
			sourceTree = "<group>";
		};
		38E885A72BE38F6E00D1074B /* Helpers */ = {
			isa = PBXGroup;
			children = (
				38A802D22BEBB3F40068ABA0 /* Protocols */,
				38E885BC2BE3917F00D1074B /* Scan */,
				38E885B32BE390EC00D1074B /* Enums */,
				38E885A82BE38F7400D1074B /* ViewModelBindableType.swift */,
				383F92C92BEF9EA10031FCF5 /* Constants.swift */,
				383A69D72C059BFE00D1514A /* JSONSerializer.swift */,
			);
			path = Helpers;
			sourceTree = "<group>";
		};
		38E885AA2BE38FF600D1074B /* Extensions */ = {
			isa = PBXGroup;
			children = (
				38E885AB2BE3900000D1074B /* Extensions+UIColor.swift */,
				38E885AD2BE3902600D1074B /* Extensions+UIFont.swift */,
				38E885AF2BE3904600D1074B /* Extensions+CGFloat.swift */,
				38E885B12BE3909C00D1074B /* Extensions+UIScrollView.swift */,
				38E885B62BE3912200D1074B /* Extensions+Dictionary.swift */,
				38A802D52BEBB56B0068ABA0 /* Extensions+UIViewController.swift */,
				38A802D72BEBB5B20068ABA0 /* Extensions+AppString.swift */,
				383F92BF2BEF94290031FCF5 /* Extension+UIApplication.swift */,
				383F92CB2BEF9EF60031FCF5 /* Extensions+UIImage.swift */,
				383A69D92C059C3600D1514A /* Extensions+String.swift */,
			);
			path = Extensions;
			sourceTree = "<group>";
		};
		38E885B32BE390EC00D1074B /* Enums */ = {
			isa = PBXGroup;
			children = (
				38E885B42BE390F600D1074B /* UITypes.swift */,
			);
			path = Enums;
			sourceTree = "<group>";
		};
		38E885BC2BE3917F00D1074B /* Scan */ = {
			isa = PBXGroup;
			children = (
				383F92B32BEF8B0A0031FCF5 /* CustomAVCapturePhotoOutput.swift */,
				38E885BD2BE3918300D1074B /* RxAVCaptureMetadataOutputObjectsDelegateProxy.swift */,
				383F92B52BEF8B6A0031FCF5 /* RxAVCapturePhotoCaptureDelegateProxy.swift */,
			);
			path = Scan;
			sourceTree = "<group>";
		};
		B371E60AA117ECE60A15D7CD /* Pods */ = {
			isa = PBXGroup;
			children = (
				49F8E7D7839A12CB9EEDB28E /* Pods-FaceFinder.debug.xcconfig */,
				8924DA278F84D59A2A6E5D72 /* Pods-FaceFinder.release.xcconfig */,
			);
			path = Pods;
			sourceTree = "<group>";
		};
		E76032B21AB4D78A031AC1D3 /* Frameworks */ = {
			isa = PBXGroup;
			children = (
				4F7AAA8D94E92938BEB2E1E5 /* Pods_FaceFinder.framework */,
			);
			name = Frameworks;
			sourceTree = "<group>";
		};
/* End PBXGroup section */

/* Begin PBXNativeTarget section */
		38915BC42BE37AC900CD1BF5 /* FaceFinder */ = {
			isa = PBXNativeTarget;
			buildConfigurationList = 38915BD92BE37ADC00CD1BF5 /* Build configuration list for PBXNativeTarget "FaceFinder" */;
			buildPhases = (
				EFF0FD99345CD51494272CCF /* [CP] Check Pods Manifest.lock */,
				38915BC12BE37AC900CD1BF5 /* Sources */,
				38915BC22BE37AC900CD1BF5 /* Frameworks */,
				38915BC32BE37AC900CD1BF5 /* Resources */,
				52089A3ACE37BBCC292E8A3B /* [CP] Embed Pods Frameworks */,
			);
			buildRules = (
			);
			dependencies = (
			);
			name = FaceFinder;
			productName = FaceFinder;
			productReference = 38915BC52BE37AC900CD1BF5 /* FaceFinder.app */;
			productType = "com.apple.product-type.application";
		};
/* End PBXNativeTarget section */

/* Begin PBXProject section */
		38915BBD2BE37AC900CD1BF5 /* Project object */ = {
			isa = PBXProject;
			attributes = {
				BuildIndependentTargetsInParallel = 1;
				LastSwiftUpdateCheck = 1530;
				LastUpgradeCheck = 1530;
				TargetAttributes = {
					38915BC42BE37AC900CD1BF5 = {
						CreatedOnToolsVersion = 15.3;
					};
				};
			};
			buildConfigurationList = 38915BC02BE37AC900CD1BF5 /* Build configuration list for PBXProject "FaceFinder" */;
			compatibilityVersion = "Xcode 14.0";
			developmentRegion = en;
			hasScannedForEncodings = 0;
			knownRegions = (
				en,
				Base,
			);
			mainGroup = 38915BBC2BE37AC900CD1BF5;
			productRefGroup = 38915BC62BE37AC900CD1BF5 /* Products */;
			projectDirPath = "";
			projectRoot = "";
			targets = (
				38915BC42BE37AC900CD1BF5 /* FaceFinder */,
			);
		};
/* End PBXProject section */

/* Begin PBXResourcesBuildPhase section */
		38915BC32BE37AC900CD1BF5 /* Resources */ = {
			isa = PBXResourcesBuildPhase;
			buildActionMask = 2147483647;
			files = (
				38915BD22BE37ADC00CD1BF5 /* Assets.xcassets in Resources */,
				38C734A12BF918B400F49197 /* centerLoading.json in Resources */,
				38915BD52BE37ADC00CD1BF5 /* Base in Resources */,
				38C31D1D2BF0FB2400742E04 /* mainLoading.json in Resources */,
			);
			runOnlyForDeploymentPostprocessing = 0;
		};
/* End PBXResourcesBuildPhase section */

/* Begin PBXShellScriptBuildPhase section */
		52089A3ACE37BBCC292E8A3B /* [CP] Embed Pods Frameworks */ = {
			isa = PBXShellScriptBuildPhase;
			buildActionMask = 2147483647;
			files = (
			);
			inputFileListPaths = (
				"${PODS_ROOT}/Target Support Files/Pods-FaceFinder/Pods-FaceFinder-frameworks-${CONFIGURATION}-input-files.xcfilelist",
			);
			name = "[CP] Embed Pods Frameworks";
			outputFileListPaths = (
				"${PODS_ROOT}/Target Support Files/Pods-FaceFinder/Pods-FaceFinder-frameworks-${CONFIGURATION}-output-files.xcfilelist",
			);
			runOnlyForDeploymentPostprocessing = 0;
			shellPath = /bin/sh;
			shellScript = "\"${PODS_ROOT}/Target Support Files/Pods-FaceFinder/Pods-FaceFinder-frameworks.sh\"\n";
			showEnvVarsInLog = 0;
		};
		EFF0FD99345CD51494272CCF /* [CP] Check Pods Manifest.lock */ = {
			isa = PBXShellScriptBuildPhase;
			buildActionMask = 2147483647;
			files = (
			);
			inputFileListPaths = (
			);
			inputPaths = (
				"${PODS_PODFILE_DIR_PATH}/Podfile.lock",
				"${PODS_ROOT}/Manifest.lock",
			);
			name = "[CP] Check Pods Manifest.lock";
			outputFileListPaths = (
			);
			outputPaths = (
				"$(DERIVED_FILE_DIR)/Pods-FaceFinder-checkManifestLockResult.txt",
			);
			runOnlyForDeploymentPostprocessing = 0;
			shellPath = /bin/sh;
			shellScript = "diff \"${PODS_PODFILE_DIR_PATH}/Podfile.lock\" \"${PODS_ROOT}/Manifest.lock\" > /dev/null\nif [ $? != 0 ] ; then\n    # print error to STDERR\n    echo \"error: The sandbox is not in sync with the Podfile.lock. Run 'pod install' or update your CocoaPods installation.\" >&2\n    exit 1\nfi\n# This output is used by Xcode 'outputs' to avoid re-running this script phase.\necho \"SUCCESS\" > \"${SCRIPT_OUTPUT_FILE_0}\"\n";
			showEnvVarsInLog = 0;
		};
/* End PBXShellScriptBuildPhase section */

/* Begin PBXSourcesBuildPhase section */
		38915BC12BE37AC900CD1BF5 /* Sources */ = {
			isa = PBXSourcesBuildPhase;
			buildActionMask = 2147483647;
			files = (
				38915BCD2BE37AC900CD1BF5 /* ViewController.swift in Sources */,
				385150BF2BEBA76000696F3A /* MainViewController.swift in Sources */,
				38E885BB2BE3915B00D1074B /* UIButton + Rx.swift in Sources */,
				38E885AC2BE3900000D1074B /* Extensions+UIColor.swift in Sources */,
				38A802D42BEBB3F90068ABA0 /* CustomHandlers.swift in Sources */,
				383F92BC2BEF92B20031FCF5 /* CameraViewController.swift in Sources */,
				38E885B92BE3913C00D1074B /* AVCaptureMetadataOutput+Rx.swift in Sources */,
				389D28E62BF587BB00F9D654 /* NavigationView.swift in Sources */,
				38E885A32BE38E9000D1074B /* BaseViewModel.swift in Sources */,
				383F92CA2BEF9EA20031FCF5 /* Constants.swift in Sources */,
				389C7C9E2BF2F2250030790F /* ResultViewController.swift in Sources */,
				385150B92BEBA73200696F3A /* CameraViewModel.swift in Sources */,
				38E8858E2BE385E400D1074B /* SceneCoordinatorType.swift in Sources */,
				383A69DA2C059C3600D1514A /* Extensions+String.swift in Sources */,
				383F92BA2BEF8C650031FCF5 /* Appearance+Style.swift in Sources */,
				38E885AE2BE3902600D1074B /* Extensions+UIFont.swift in Sources */,
				38A802D12BEBAE480068ABA0 /* PreviewView.swift in Sources */,
				389D28E82BF5882900F9D654 /* UILabel+Style.swift in Sources */,
				38E885A92BE38F7400D1074B /* ViewModelBindableType.swift in Sources */,
				383F92CC2BEF9EF60031FCF5 /* Extensions+UIImage.swift in Sources */,
				383A69D82C059BFE00D1514A /* JSONSerializer.swift in Sources */,
				38A802D62BEBB56B0068ABA0 /* Extensions+UIViewController.swift in Sources */,
				383F92B62BEF8B6A0031FCF5 /* RxAVCapturePhotoCaptureDelegateProxy.swift in Sources */,
				383F92B82BEF8B8D0031FCF5 /* UIView+Style.swift in Sources */,
				383A69D52C0599FC00D1514A /* NetworkService.swift in Sources */,
				38C31D1F2BF0FB7200742E04 /* AnimationView+Style.swift in Sources */,
				38E885A62BE38F5A00D1074B /* SplashViewController.swift in Sources */,
				38E885902BE3860400D1074B /* TargetScene.swift in Sources */,
				383F92B12BEF8A650031FCF5 /* CameraView.swift in Sources */,
				383F92C82BEF9CD10031FCF5 /* CapturedPhotoData.swift in Sources */,
				38E8859C2BE38DBF00D1074B /* SplashViewModel.swift in Sources */,
				38915BC92BE37AC900CD1BF5 /* AppDelegate.swift in Sources */,
				383F92BE2BEF93F60031FCF5 /* CameraFooterView.swift in Sources */,
				38E885A02BE38E4900D1074B /* BaseViewController.swift in Sources */,
				38E885972BE3878000D1074B /* Extensions+ObservableType.swift in Sources */,
				389C7CA02BF2F2420030790F /* ResultViewModel.swift in Sources */,
				383F92B42BEF8B0A0031FCF5 /* CustomAVCapturePhotoOutput.swift in Sources */,
				38A802D82BEBB5B20068ABA0 /* Extensions+AppString.swift in Sources */,
				38915BCB2BE37AC900CD1BF5 /* SceneDelegate.swift in Sources */,
				383F92C02BEF94290031FCF5 /* Extension+UIApplication.swift in Sources */,
				385150BD2BEBA75800696F3A /* CameraViewController2.swift in Sources */,
				38E885B52BE390F600D1074B /* UITypes.swift in Sources */,
				38E885BE2BE3918300D1074B /* RxAVCaptureMetadataOutputObjectsDelegateProxy.swift in Sources */,
				38E885B22BE3909C00D1074B /* Extensions+UIScrollView.swift in Sources */,
				38E885B72BE3912200D1074B /* Extensions+Dictionary.swift in Sources */,
				389C7CA42BF2F84B0030790F /* MainHeaderView.swift in Sources */,
				383F92C42BEF99D70031FCF5 /* AVCapturePhotoOutput+Rx.swift in Sources */,
				38E885942BE386B200D1074B /* SceneCoordinator.swift in Sources */,
				383F92C22BEF99880031FCF5 /* AVCaptureDevice+Rx.swift in Sources */,
				38E885B02BE3904600D1074B /* Extensions+CGFloat.swift in Sources */,
				385150C22BEBA7B000696F3A /* UIButton+Style.swift in Sources */,
				385150B72BEBA6B000696F3A /* MainViewModel.swift in Sources */,
				38E885922BE3861500D1074B /* SceneTransitionType.swift in Sources */,
			);
			runOnlyForDeploymentPostprocessing = 0;
		};
/* End PBXSourcesBuildPhase section */

/* Begin PBXVariantGroup section */
		38915BD32BE37ADC00CD1BF5 /* LaunchScreen.storyboard */ = {
			isa = PBXVariantGroup;
			children = (
				38915BD42BE37ADC00CD1BF5 /* Base */,
			);
			name = LaunchScreen.storyboard;
			sourceTree = "<group>";
		};
/* End PBXVariantGroup section */

/* Begin XCBuildConfiguration section */
		38915BD72BE37ADC00CD1BF5 /* Debug */ = {
			isa = XCBuildConfiguration;
			buildSettings = {
				ALWAYS_SEARCH_USER_PATHS = NO;
				ASSETCATALOG_COMPILER_GENERATE_SWIFT_ASSET_SYMBOL_EXTENSIONS = YES;
				CLANG_ANALYZER_NONNULL = YES;
				CLANG_ANALYZER_NUMBER_OBJECT_CONVERSION = YES_AGGRESSIVE;
				CLANG_CXX_LANGUAGE_STANDARD = "gnu++20";
				CLANG_ENABLE_MODULES = YES;
				CLANG_ENABLE_OBJC_ARC = YES;
				CLANG_ENABLE_OBJC_WEAK = YES;
				CLANG_WARN_BLOCK_CAPTURE_AUTORELEASING = YES;
				CLANG_WARN_BOOL_CONVERSION = YES;
				CLANG_WARN_COMMA = YES;
				CLANG_WARN_CONSTANT_CONVERSION = YES;
				CLANG_WARN_DEPRECATED_OBJC_IMPLEMENTATIONS = YES;
				CLANG_WARN_DIRECT_OBJC_ISA_USAGE = YES_ERROR;
				CLANG_WARN_DOCUMENTATION_COMMENTS = YES;
				CLANG_WARN_EMPTY_BODY = YES;
				CLANG_WARN_ENUM_CONVERSION = YES;
				CLANG_WARN_INFINITE_RECURSION = YES;
				CLANG_WARN_INT_CONVERSION = YES;
				CLANG_WARN_NON_LITERAL_NULL_CONVERSION = YES;
				CLANG_WARN_OBJC_IMPLICIT_RETAIN_SELF = YES;
				CLANG_WARN_OBJC_LITERAL_CONVERSION = YES;
				CLANG_WARN_OBJC_ROOT_CLASS = YES_ERROR;
				CLANG_WARN_QUOTED_INCLUDE_IN_FRAMEWORK_HEADER = YES;
				CLANG_WARN_RANGE_LOOP_ANALYSIS = YES;
				CLANG_WARN_STRICT_PROTOTYPES = YES;
				CLANG_WARN_SUSPICIOUS_MOVE = YES;
				CLANG_WARN_UNGUARDED_AVAILABILITY = YES_AGGRESSIVE;
				CLANG_WARN_UNREACHABLE_CODE = YES;
				CLANG_WARN__DUPLICATE_METHOD_MATCH = YES;
				COPY_PHASE_STRIP = NO;
				DEBUG_INFORMATION_FORMAT = dwarf;
				ENABLE_STRICT_OBJC_MSGSEND = YES;
				ENABLE_TESTABILITY = YES;
				ENABLE_USER_SCRIPT_SANDBOXING = YES;
				GCC_C_LANGUAGE_STANDARD = gnu17;
				GCC_DYNAMIC_NO_PIC = NO;
				GCC_NO_COMMON_BLOCKS = YES;
				GCC_OPTIMIZATION_LEVEL = 0;
				GCC_PREPROCESSOR_DEFINITIONS = (
					"DEBUG=1",
					"$(inherited)",
				);
				GCC_WARN_64_TO_32_BIT_CONVERSION = YES;
				GCC_WARN_ABOUT_RETURN_TYPE = YES_ERROR;
				GCC_WARN_UNDECLARED_SELECTOR = YES;
				GCC_WARN_UNINITIALIZED_AUTOS = YES_AGGRESSIVE;
				GCC_WARN_UNUSED_FUNCTION = YES;
				GCC_WARN_UNUSED_VARIABLE = YES;
				IPHONEOS_DEPLOYMENT_TARGET = 15.0;
				LOCALIZATION_PREFERS_STRING_CATALOGS = YES;
				MTL_ENABLE_DEBUG_INFO = INCLUDE_SOURCE;
				MTL_FAST_MATH = YES;
				ONLY_ACTIVE_ARCH = YES;
				SDKROOT = iphoneos;
				SWIFT_ACTIVE_COMPILATION_CONDITIONS = "DEBUG $(inherited)";
				SWIFT_OPTIMIZATION_LEVEL = "-Onone";
			};
			name = Debug;
		};
		38915BD82BE37ADC00CD1BF5 /* Release */ = {
			isa = XCBuildConfiguration;
			buildSettings = {
				ALWAYS_SEARCH_USER_PATHS = NO;
				ASSETCATALOG_COMPILER_GENERATE_SWIFT_ASSET_SYMBOL_EXTENSIONS = YES;
				CLANG_ANALYZER_NONNULL = YES;
				CLANG_ANALYZER_NUMBER_OBJECT_CONVERSION = YES_AGGRESSIVE;
				CLANG_CXX_LANGUAGE_STANDARD = "gnu++20";
				CLANG_ENABLE_MODULES = YES;
				CLANG_ENABLE_OBJC_ARC = YES;
				CLANG_ENABLE_OBJC_WEAK = YES;
				CLANG_WARN_BLOCK_CAPTURE_AUTORELEASING = YES;
				CLANG_WARN_BOOL_CONVERSION = YES;
				CLANG_WARN_COMMA = YES;
				CLANG_WARN_CONSTANT_CONVERSION = YES;
				CLANG_WARN_DEPRECATED_OBJC_IMPLEMENTATIONS = YES;
				CLANG_WARN_DIRECT_OBJC_ISA_USAGE = YES_ERROR;
				CLANG_WARN_DOCUMENTATION_COMMENTS = YES;
				CLANG_WARN_EMPTY_BODY = YES;
				CLANG_WARN_ENUM_CONVERSION = YES;
				CLANG_WARN_INFINITE_RECURSION = YES;
				CLANG_WARN_INT_CONVERSION = YES;
				CLANG_WARN_NON_LITERAL_NULL_CONVERSION = YES;
				CLANG_WARN_OBJC_IMPLICIT_RETAIN_SELF = YES;
				CLANG_WARN_OBJC_LITERAL_CONVERSION = YES;
				CLANG_WARN_OBJC_ROOT_CLASS = YES_ERROR;
				CLANG_WARN_QUOTED_INCLUDE_IN_FRAMEWORK_HEADER = YES;
				CLANG_WARN_RANGE_LOOP_ANALYSIS = YES;
				CLANG_WARN_STRICT_PROTOTYPES = YES;
				CLANG_WARN_SUSPICIOUS_MOVE = YES;
				CLANG_WARN_UNGUARDED_AVAILABILITY = YES_AGGRESSIVE;
				CLANG_WARN_UNREACHABLE_CODE = YES;
				CLANG_WARN__DUPLICATE_METHOD_MATCH = YES;
				COPY_PHASE_STRIP = NO;
				DEBUG_INFORMATION_FORMAT = "dwarf-with-dsym";
				ENABLE_NS_ASSERTIONS = NO;
				ENABLE_STRICT_OBJC_MSGSEND = YES;
				ENABLE_USER_SCRIPT_SANDBOXING = YES;
				GCC_C_LANGUAGE_STANDARD = gnu17;
				GCC_NO_COMMON_BLOCKS = YES;
				GCC_WARN_64_TO_32_BIT_CONVERSION = YES;
				GCC_WARN_ABOUT_RETURN_TYPE = YES_ERROR;
				GCC_WARN_UNDECLARED_SELECTOR = YES;
				GCC_WARN_UNINITIALIZED_AUTOS = YES_AGGRESSIVE;
				GCC_WARN_UNUSED_FUNCTION = YES;
				GCC_WARN_UNUSED_VARIABLE = YES;
				IPHONEOS_DEPLOYMENT_TARGET = 15.0;
				LOCALIZATION_PREFERS_STRING_CATALOGS = YES;
				MTL_ENABLE_DEBUG_INFO = NO;
				MTL_FAST_MATH = YES;
				SDKROOT = iphoneos;
				SWIFT_COMPILATION_MODE = wholemodule;
				VALIDATE_PRODUCT = YES;
			};
			name = Release;
		};
		38915BDA2BE37ADC00CD1BF5 /* Debug */ = {
			isa = XCBuildConfiguration;
			baseConfigurationReference = 49F8E7D7839A12CB9EEDB28E /* Pods-FaceFinder.debug.xcconfig */;
			buildSettings = {
				ASSETCATALOG_COMPILER_APPICON_NAME = AppIcon;
				ASSETCATALOG_COMPILER_GLOBAL_ACCENT_COLOR_NAME = AccentColor;
				CODE_SIGN_STYLE = Automatic;
				CURRENT_PROJECT_VERSION = 1;
				DEVELOPMENT_TEAM = 42U234FGMT;
				ENABLE_USER_SCRIPT_SANDBOXING = NO;
				GENERATE_INFOPLIST_FILE = YES;
				INFOPLIST_FILE = FaceFinder/Info.plist;
				INFOPLIST_KEY_NSCameraUsageDescription = "Camera permissions";
				INFOPLIST_KEY_NSPhotoLibraryUsageDescription = "Album permissions";
				INFOPLIST_KEY_UIApplicationSupportsIndirectInputEvents = YES;
				INFOPLIST_KEY_UILaunchStoryboardName = LaunchScreen;
				INFOPLIST_KEY_UISupportedInterfaceOrientations_iPad = "UIInterfaceOrientationPortrait UIInterfaceOrientationPortraitUpsideDown UIInterfaceOrientationLandscapeLeft UIInterfaceOrientationLandscapeRight";
				INFOPLIST_KEY_UISupportedInterfaceOrientations_iPhone = "UIInterfaceOrientationPortrait UIInterfaceOrientationLandscapeLeft UIInterfaceOrientationLandscapeRight";
				LD_RUNPATH_SEARCH_PATHS = (
					"$(inherited)",
					"@executable_path/Frameworks",
				);
				MARKETING_VERSION = 1.0;
				PRODUCT_BUNDLE_IDENTIFIER = com.codebricks1.FaceFinder;
				PRODUCT_NAME = "$(TARGET_NAME)";
				SWIFT_EMIT_LOC_STRINGS = YES;
				SWIFT_VERSION = 5.0;
				TARGETED_DEVICE_FAMILY = "1,2";
			};
			name = Debug;
		};
		38915BDB2BE37ADC00CD1BF5 /* Release */ = {
			isa = XCBuildConfiguration;
			baseConfigurationReference = 8924DA278F84D59A2A6E5D72 /* Pods-FaceFinder.release.xcconfig */;
			buildSettings = {
				ASSETCATALOG_COMPILER_APPICON_NAME = AppIcon;
				ASSETCATALOG_COMPILER_GLOBAL_ACCENT_COLOR_NAME = AccentColor;
				CODE_SIGN_STYLE = Automatic;
				CURRENT_PROJECT_VERSION = 1;
				DEVELOPMENT_TEAM = 42U234FGMT;
				ENABLE_USER_SCRIPT_SANDBOXING = NO;
				GENERATE_INFOPLIST_FILE = YES;
				INFOPLIST_FILE = FaceFinder/Info.plist;
				INFOPLIST_KEY_NSCameraUsageDescription = "Camera permissions";
				INFOPLIST_KEY_NSPhotoLibraryUsageDescription = "Album permissions";
				INFOPLIST_KEY_UIApplicationSupportsIndirectInputEvents = YES;
				INFOPLIST_KEY_UILaunchStoryboardName = LaunchScreen;
				INFOPLIST_KEY_UISupportedInterfaceOrientations_iPad = "UIInterfaceOrientationPortrait UIInterfaceOrientationPortraitUpsideDown UIInterfaceOrientationLandscapeLeft UIInterfaceOrientationLandscapeRight";
				INFOPLIST_KEY_UISupportedInterfaceOrientations_iPhone = "UIInterfaceOrientationPortrait UIInterfaceOrientationLandscapeLeft UIInterfaceOrientationLandscapeRight";
				LD_RUNPATH_SEARCH_PATHS = (
					"$(inherited)",
					"@executable_path/Frameworks",
				);
				MARKETING_VERSION = 1.0;
				PRODUCT_BUNDLE_IDENTIFIER = com.codebricks1.FaceFinder;
				PRODUCT_NAME = "$(TARGET_NAME)";
				SWIFT_EMIT_LOC_STRINGS = YES;
				SWIFT_VERSION = 5.0;
				TARGETED_DEVICE_FAMILY = "1,2";
			};
			name = Release;
		};
/* End XCBuildConfiguration section */

/* Begin XCConfigurationList section */
		38915BC02BE37AC900CD1BF5 /* Build configuration list for PBXProject "FaceFinder" */ = {
			isa = XCConfigurationList;
			buildConfigurations = (
				38915BD72BE37ADC00CD1BF5 /* Debug */,
				38915BD82BE37ADC00CD1BF5 /* Release */,
			);
			defaultConfigurationIsVisible = 0;
			defaultConfigurationName = Release;
		};
		38915BD92BE37ADC00CD1BF5 /* Build configuration list for PBXNativeTarget "FaceFinder" */ = {
			isa = XCConfigurationList;
			buildConfigurations = (
				38915BDA2BE37ADC00CD1BF5 /* Debug */,
				38915BDB2BE37ADC00CD1BF5 /* Release */,
			);
			defaultConfigurationIsVisible = 0;
			defaultConfigurationName = Release;
		};
/* End XCConfigurationList section */
	};
	rootObject = 38915BBD2BE37AC900CD1BF5 /* Project object */;
}
